// !$*UTF8*$!
{
	archiveVersion = 1;
	classes = {
	};
	objectVersion = 55;
	objects = {

/* Begin PBXBuildFile section */
		001FE93629C21AC6005714A2 /* GitHub_RepositorySearchApp.swift in Sources */ = {isa = PBXBuildFile; fileRef = 001FE93529C21AC6005714A2 /* GitHub_RepositorySearchApp.swift */; };
		001FE93A29C21AC8005714A2 /* Assets.xcassets in Resources */ = {isa = PBXBuildFile; fileRef = 001FE93929C21AC8005714A2 /* Assets.xcassets */; };
		001FE93D29C21AC8005714A2 /* Preview Assets.xcassets in Resources */ = {isa = PBXBuildFile; fileRef = 001FE93C29C21AC8005714A2 /* Preview Assets.xcassets */; };
		001FE94729C21AC9005714A2 /* GitHub_RepositorySearchTests.swift in Sources */ = {isa = PBXBuildFile; fileRef = 001FE94629C21AC9005714A2 /* GitHub_RepositorySearchTests.swift */; };
		001FE95129C21AC9005714A2 /* GitHub_RepositorySearchUITests.swift in Sources */ = {isa = PBXBuildFile; fileRef = 001FE95029C21AC9005714A2 /* GitHub_RepositorySearchUITests.swift */; };
		001FE95329C21AC9005714A2 /* GitHub_RepositorySearchUITestsLaunchTests.swift in Sources */ = {isa = PBXBuildFile; fileRef = 001FE95229C21AC9005714A2 /* GitHub_RepositorySearchUITestsLaunchTests.swift */; };
		001FE96729C2367C005714A2 /* SearchRepositoriesResponse.swift in Sources */ = {isa = PBXBuildFile; fileRef = 001FE96629C2367C005714A2 /* SearchRepositoriesResponse.swift */; };
		001FE96929C237FC005714A2 /* SearchRepositoriesItem.swift in Sources */ = {isa = PBXBuildFile; fileRef = 001FE96829C237FC005714A2 /* SearchRepositoriesItem.swift */; };
		001FE96B29C23978005714A2 /* SearchRepositoriesOwner.swift in Sources */ = {isa = PBXBuildFile; fileRef = 001FE96A29C23978005714A2 /* SearchRepositoriesOwner.swift */; };
		001FE96E29C2586E005714A2 /* HTTPMethod.swift in Sources */ = {isa = PBXBuildFile; fileRef = 001FE96D29C2586E005714A2 /* HTTPMethod.swift */; };
		001FE97029C2596F005714A2 /* NetworkRequestError.swift in Sources */ = {isa = PBXBuildFile; fileRef = 001FE96F29C2596F005714A2 /* NetworkRequestError.swift */; };
		0026F50B29C3125900A6E3C2 /* EndPoint.swift in Sources */ = {isa = PBXBuildFile; fileRef = 0026F50A29C3125900A6E3C2 /* EndPoint.swift */; };
		0026F50E29C3423C00A6E3C2 /* CurrentResponseState.swift in Sources */ = {isa = PBXBuildFile; fileRef = 0026F50D29C3423C00A6E3C2 /* CurrentResponseState.swift */; };
		0026F51129C343E300A6E3C2 /* NetworkService.swift in Sources */ = {isa = PBXBuildFile; fileRef = 0026F51029C343E300A6E3C2 /* NetworkService.swift */; };
		0026F51429C35EFA00A6E3C2 /* NetworkManager.swift in Sources */ = {isa = PBXBuildFile; fileRef = 0026F51329C35EFA00A6E3C2 /* NetworkManager.swift */; };
		0026F51629C35F0C00A6E3C2 /* NetworkMonitor.swift in Sources */ = {isa = PBXBuildFile; fileRef = 0026F51529C35F0C00A6E3C2 /* NetworkMonitor.swift */; };
		0026F51929C3656400A6E3C2 /* RepositoriesService.swift in Sources */ = {isa = PBXBuildFile; fileRef = 0026F51829C3656400A6E3C2 /* RepositoriesService.swift */; };
		0026F51C29C37F5500A6E3C2 /* MessageView.swift in Sources */ = {isa = PBXBuildFile; fileRef = 0026F51B29C37F5500A6E3C2 /* MessageView.swift */; };
		0026F51E29C37FA400A6E3C2 /* LoadingView.swift in Sources */ = {isa = PBXBuildFile; fileRef = 0026F51D29C37FA400A6E3C2 /* LoadingView.swift */; };
		0026F52129C3804600A6E3C2 /* RepositoriesSearchView.swift in Sources */ = {isa = PBXBuildFile; fileRef = 0026F52029C3804600A6E3C2 /* RepositoriesSearchView.swift */; };
		0026F52329C384E400A6E3C2 /* RepositoriesSearchViewModel.swift in Sources */ = {isa = PBXBuildFile; fileRef = 0026F52229C384E400A6E3C2 /* RepositoriesSearchViewModel.swift */; };
		0026F52529C3965E00A6E3C2 /* Publisher + Extension.swift in Sources */ = {isa = PBXBuildFile; fileRef = 0026F52429C3965E00A6E3C2 /* Publisher + Extension.swift */; };
		00EAB0C929C4A6D5001F54A6 /* ImageCache.swift in Sources */ = {isa = PBXBuildFile; fileRef = 00EAB0C829C4A6D5001F54A6 /* ImageCache.swift */; };
		00EAB0CC29C4A759001F54A6 /* ImageLoader.swift in Sources */ = {isa = PBXBuildFile; fileRef = 00EAB0CB29C4A759001F54A6 /* ImageLoader.swift */; };
		00EAB0CF29C4B579001F54A6 /* RepositoriesListView.swift in Sources */ = {isa = PBXBuildFile; fileRef = 00EAB0CE29C4B579001F54A6 /* RepositoriesListView.swift */; };
		00EAB0D229C4B657001F54A6 /* RepositoriesListViewModel.swift in Sources */ = {isa = PBXBuildFile; fileRef = 00EAB0D129C4B657001F54A6 /* RepositoriesListViewModel.swift */; };
		00EAB0D629C4E012001F54A6 /* UIImage + Extension.swift in Sources */ = {isa = PBXBuildFile; fileRef = 00EAB0D529C4E012001F54A6 /* UIImage + Extension.swift */; };
		00EAB0D929C4E749001F54A6 /* DetailView.swift in Sources */ = {isa = PBXBuildFile; fileRef = 00EAB0D829C4E749001F54A6 /* DetailView.swift */; };
		00F68D5329C60AE9000DA063 /* ApiCache.swift in Sources */ = {isa = PBXBuildFile; fileRef = 00F68D5229C60AE9000DA063 /* ApiCache.swift */; };
/* End PBXBuildFile section */

/* Begin PBXContainerItemProxy section */
		001FE94329C21AC9005714A2 /* PBXContainerItemProxy */ = {
			isa = PBXContainerItemProxy;
			containerPortal = 001FE92A29C21AC6005714A2 /* Project object */;
			proxyType = 1;
			remoteGlobalIDString = 001FE93129C21AC6005714A2;
			remoteInfo = "GitHub-RepositorySearch";
		};
		001FE94D29C21AC9005714A2 /* PBXContainerItemProxy */ = {
			isa = PBXContainerItemProxy;
			containerPortal = 001FE92A29C21AC6005714A2 /* Project object */;
			proxyType = 1;
			remoteGlobalIDString = 001FE93129C21AC6005714A2;
			remoteInfo = "GitHub-RepositorySearch";
		};
/* End PBXContainerItemProxy section */

/* Begin PBXFileReference section */
		001FE93229C21AC6005714A2 /* GitHub-RepositorySearch.app */ = {isa = PBXFileReference; explicitFileType = wrapper.application; includeInIndex = 0; path = "GitHub-RepositorySearch.app"; sourceTree = BUILT_PRODUCTS_DIR; };
		001FE93529C21AC6005714A2 /* GitHub_RepositorySearchApp.swift */ = {isa = PBXFileReference; lastKnownFileType = sourcecode.swift; path = GitHub_RepositorySearchApp.swift; sourceTree = "<group>"; };
		001FE93929C21AC8005714A2 /* Assets.xcassets */ = {isa = PBXFileReference; lastKnownFileType = folder.assetcatalog; path = Assets.xcassets; sourceTree = "<group>"; };
		001FE93C29C21AC8005714A2 /* Preview Assets.xcassets */ = {isa = PBXFileReference; lastKnownFileType = folder.assetcatalog; path = "Preview Assets.xcassets"; sourceTree = "<group>"; };
		001FE94229C21AC9005714A2 /* GitHub-RepositorySearchTests.xctest */ = {isa = PBXFileReference; explicitFileType = wrapper.cfbundle; includeInIndex = 0; path = "GitHub-RepositorySearchTests.xctest"; sourceTree = BUILT_PRODUCTS_DIR; };
		001FE94629C21AC9005714A2 /* GitHub_RepositorySearchTests.swift */ = {isa = PBXFileReference; lastKnownFileType = sourcecode.swift; path = GitHub_RepositorySearchTests.swift; sourceTree = "<group>"; };
		001FE94C29C21AC9005714A2 /* GitHub-RepositorySearchUITests.xctest */ = {isa = PBXFileReference; explicitFileType = wrapper.cfbundle; includeInIndex = 0; path = "GitHub-RepositorySearchUITests.xctest"; sourceTree = BUILT_PRODUCTS_DIR; };
		001FE95029C21AC9005714A2 /* GitHub_RepositorySearchUITests.swift */ = {isa = PBXFileReference; lastKnownFileType = sourcecode.swift; path = GitHub_RepositorySearchUITests.swift; sourceTree = "<group>"; };
		001FE95229C21AC9005714A2 /* GitHub_RepositorySearchUITestsLaunchTests.swift */ = {isa = PBXFileReference; lastKnownFileType = sourcecode.swift; path = GitHub_RepositorySearchUITestsLaunchTests.swift; sourceTree = "<group>"; };
		001FE96629C2367C005714A2 /* SearchRepositoriesResponse.swift */ = {isa = PBXFileReference; lastKnownFileType = sourcecode.swift; path = SearchRepositoriesResponse.swift; sourceTree = "<group>"; };
		001FE96829C237FC005714A2 /* SearchRepositoriesItem.swift */ = {isa = PBXFileReference; lastKnownFileType = sourcecode.swift; path = SearchRepositoriesItem.swift; sourceTree = "<group>"; };
		001FE96A29C23978005714A2 /* SearchRepositoriesOwner.swift */ = {isa = PBXFileReference; lastKnownFileType = sourcecode.swift; path = SearchRepositoriesOwner.swift; sourceTree = "<group>"; };
		001FE96D29C2586E005714A2 /* HTTPMethod.swift */ = {isa = PBXFileReference; lastKnownFileType = sourcecode.swift; path = HTTPMethod.swift; sourceTree = "<group>"; };
		001FE96F29C2596F005714A2 /* NetworkRequestError.swift */ = {isa = PBXFileReference; lastKnownFileType = sourcecode.swift; path = NetworkRequestError.swift; sourceTree = "<group>"; };
		0026F50A29C3125900A6E3C2 /* EndPoint.swift */ = {isa = PBXFileReference; lastKnownFileType = sourcecode.swift; path = EndPoint.swift; sourceTree = "<group>"; };
		0026F50D29C3423C00A6E3C2 /* CurrentResponseState.swift */ = {isa = PBXFileReference; lastKnownFileType = sourcecode.swift; path = CurrentResponseState.swift; sourceTree = "<group>"; };
		0026F51029C343E300A6E3C2 /* NetworkService.swift */ = {isa = PBXFileReference; lastKnownFileType = sourcecode.swift; path = NetworkService.swift; sourceTree = "<group>"; };
		0026F51329C35EFA00A6E3C2 /* NetworkManager.swift */ = {isa = PBXFileReference; lastKnownFileType = sourcecode.swift; path = NetworkManager.swift; sourceTree = "<group>"; };
		0026F51529C35F0C00A6E3C2 /* NetworkMonitor.swift */ = {isa = PBXFileReference; lastKnownFileType = sourcecode.swift; path = NetworkMonitor.swift; sourceTree = "<group>"; };
		0026F51829C3656400A6E3C2 /* RepositoriesService.swift */ = {isa = PBXFileReference; lastKnownFileType = sourcecode.swift; path = RepositoriesService.swift; sourceTree = "<group>"; };
		0026F51B29C37F5500A6E3C2 /* MessageView.swift */ = {isa = PBXFileReference; lastKnownFileType = sourcecode.swift; path = MessageView.swift; sourceTree = "<group>"; };
		0026F51D29C37FA400A6E3C2 /* LoadingView.swift */ = {isa = PBXFileReference; lastKnownFileType = sourcecode.swift; path = LoadingView.swift; sourceTree = "<group>"; };
		0026F52029C3804600A6E3C2 /* RepositoriesSearchView.swift */ = {isa = PBXFileReference; lastKnownFileType = sourcecode.swift; path = RepositoriesSearchView.swift; sourceTree = "<group>"; };
		0026F52229C384E400A6E3C2 /* RepositoriesSearchViewModel.swift */ = {isa = PBXFileReference; lastKnownFileType = sourcecode.swift; path = RepositoriesSearchViewModel.swift; sourceTree = "<group>"; };
		0026F52429C3965E00A6E3C2 /* Publisher + Extension.swift */ = {isa = PBXFileReference; lastKnownFileType = sourcecode.swift; path = "Publisher + Extension.swift"; sourceTree = "<group>"; };
		00EAB0C829C4A6D5001F54A6 /* ImageCache.swift */ = {isa = PBXFileReference; lastKnownFileType = sourcecode.swift; path = ImageCache.swift; sourceTree = "<group>"; };
		00EAB0CB29C4A759001F54A6 /* ImageLoader.swift */ = {isa = PBXFileReference; lastKnownFileType = sourcecode.swift; path = ImageLoader.swift; sourceTree = "<group>"; };
		00EAB0CE29C4B579001F54A6 /* RepositoriesListView.swift */ = {isa = PBXFileReference; lastKnownFileType = sourcecode.swift; path = RepositoriesListView.swift; sourceTree = "<group>"; };
		00EAB0D129C4B657001F54A6 /* RepositoriesListViewModel.swift */ = {isa = PBXFileReference; lastKnownFileType = sourcecode.swift; path = RepositoriesListViewModel.swift; sourceTree = "<group>"; };
		00EAB0D529C4E012001F54A6 /* UIImage + Extension.swift */ = {isa = PBXFileReference; lastKnownFileType = sourcecode.swift; path = "UIImage + Extension.swift"; sourceTree = "<group>"; };
		00EAB0D829C4E749001F54A6 /* DetailView.swift */ = {isa = PBXFileReference; lastKnownFileType = sourcecode.swift; path = DetailView.swift; sourceTree = "<group>"; };
		00F68D5229C60AE9000DA063 /* ApiCache.swift */ = {isa = PBXFileReference; lastKnownFileType = sourcecode.swift; path = ApiCache.swift; sourceTree = "<group>"; };
/* End PBXFileReference section */

/* Begin PBXFrameworksBuildPhase section */
		001FE92F29C21AC6005714A2 /* Frameworks */ = {
			isa = PBXFrameworksBuildPhase;
			buildActionMask = 2147483647;
			files = (
			);
			runOnlyForDeploymentPostprocessing = 0;
		};
		001FE93F29C21AC9005714A2 /* Frameworks */ = {
			isa = PBXFrameworksBuildPhase;
			buildActionMask = 2147483647;
			files = (
			);
			runOnlyForDeploymentPostprocessing = 0;
		};
		001FE94929C21AC9005714A2 /* Frameworks */ = {
			isa = PBXFrameworksBuildPhase;
			buildActionMask = 2147483647;
			files = (
			);
			runOnlyForDeploymentPostprocessing = 0;
		};
/* End PBXFrameworksBuildPhase section */

/* Begin PBXGroup section */
		001FE92929C21AC6005714A2 = {
			isa = PBXGroup;
			children = (
				001FE93429C21AC6005714A2 /* GitHub-RepositorySearch */,
				001FE94529C21AC9005714A2 /* GitHub-RepositorySearchTests */,
				001FE94F29C21AC9005714A2 /* GitHub-RepositorySearchUITests */,
				001FE93329C21AC6005714A2 /* Products */,
			);
			sourceTree = "<group>";
		};
		001FE93329C21AC6005714A2 /* Products */ = {
			isa = PBXGroup;
			children = (
				001FE93229C21AC6005714A2 /* GitHub-RepositorySearch.app */,
				001FE94229C21AC9005714A2 /* GitHub-RepositorySearchTests.xctest */,
				001FE94C29C21AC9005714A2 /* GitHub-RepositorySearchUITests.xctest */,
			);
			name = Products;
			sourceTree = "<group>";
		};
		001FE93429C21AC6005714A2 /* GitHub-RepositorySearch */ = {
			isa = PBXGroup;
			children = (
				00F68D5529C62C15000DA063 /* App */,
				001FE96129C21CC8005714A2 /* Views */,
				001FE96029C21CB3005714A2 /* ViewModels */,
				001FE95F29C21CA7005714A2 /* Models */,
				001FE96329C21E1B005714A2 /* Helpers */,
				001FE96229C21CF7005714A2 /* Services */,
				007517C429CA010900BF4AEA /* Resources */,
				001FE93B29C21AC8005714A2 /* Preview Content */,
			);
			path = "GitHub-RepositorySearch";
			sourceTree = "<group>";
		};
		001FE93B29C21AC8005714A2 /* Preview Content */ = {
			isa = PBXGroup;
			children = (
				001FE93C29C21AC8005714A2 /* Preview Assets.xcassets */,
			);
			path = "Preview Content";
			sourceTree = "<group>";
		};
		001FE94529C21AC9005714A2 /* GitHub-RepositorySearchTests */ = {
			isa = PBXGroup;
			children = (
				001FE94629C21AC9005714A2 /* GitHub_RepositorySearchTests.swift */,
			);
			path = "GitHub-RepositorySearchTests";
			sourceTree = "<group>";
		};
		001FE94F29C21AC9005714A2 /* GitHub-RepositorySearchUITests */ = {
			isa = PBXGroup;
			children = (
				001FE95029C21AC9005714A2 /* GitHub_RepositorySearchUITests.swift */,
				001FE95229C21AC9005714A2 /* GitHub_RepositorySearchUITestsLaunchTests.swift */,
			);
			path = "GitHub-RepositorySearchUITests";
			sourceTree = "<group>";
		};
		001FE95F29C21CA7005714A2 /* Models */ = {
			isa = PBXGroup;
			children = (
				001FE96629C2367C005714A2 /* SearchRepositoriesResponse.swift */,
				001FE96829C237FC005714A2 /* SearchRepositoriesItem.swift */,
				001FE96A29C23978005714A2 /* SearchRepositoriesOwner.swift */,
			);
			path = Models;
			sourceTree = "<group>";
		};
		001FE96029C21CB3005714A2 /* ViewModels */ = {
			isa = PBXGroup;
			children = (
				00EAB0D029C4B633001F54A6 /* RepositoriesListViewModel */,
				0026F50F29C342C900A6E3C2 /* RepositoriesSearchViewModel */,
			);
			path = ViewModels;
			sourceTree = "<group>";
		};
		001FE96129C21CC8005714A2 /* Views */ = {
			isa = PBXGroup;
			children = (
				00EAB0D729C4E70F001F54A6 /* DetailView */,
				00EAB0CD29C4B554001F54A6 /* RepositoriesListView */,
				0026F51A29C37F3100A6E3C2 /* CommonView */,
				001FE96429C221D1005714A2 /* RepositoriesSearchView */,
			);
			path = Views;
			sourceTree = "<group>";
		};
		001FE96229C21CF7005714A2 /* Services */ = {
			isa = PBXGroup;
			children = (
				00F68D5429C60D4E000DA063 /* ApiCache */,
				0026F51729C3647A00A6E3C2 /* RepositoriesService */,
				001FE96529C2222C005714A2 /* Networking */,
			);
			path = Services;
			sourceTree = "<group>";
		};
		001FE96329C21E1B005714A2 /* Helpers */ = {
			isa = PBXGroup;
			children = (
				00EAB0C729C4A6B6001F54A6 /* ImageLoader */,
				0026F50C29C31F5800A6E3C2 /* Extensions */,
			);
			path = Helpers;
			sourceTree = "<group>";
		};
		001FE96429C221D1005714A2 /* RepositoriesSearchView */ = {
			isa = PBXGroup;
			children = (
				0026F52029C3804600A6E3C2 /* RepositoriesSearchView.swift */,
			);
			path = RepositoriesSearchView;
			sourceTree = "<group>";
		};
		001FE96529C2222C005714A2 /* Networking */ = {
			isa = PBXGroup;
			children = (
				0026F51329C35EFA00A6E3C2 /* NetworkManager.swift */,
				0026F51529C35F0C00A6E3C2 /* NetworkMonitor.swift */,
				0026F51029C343E300A6E3C2 /* NetworkService.swift */,
				0026F50929C3120E00A6E3C2 /* EndPoint */,
				001FE96C29C25854005714A2 /* Utility */,
			);
			path = Networking;
			sourceTree = "<group>";
		};
		001FE96C29C25854005714A2 /* Utility */ = {
			isa = PBXGroup;
			children = (
				001FE96D29C2586E005714A2 /* HTTPMethod.swift */,
				001FE96F29C2596F005714A2 /* NetworkRequestError.swift */,
				0026F50D29C3423C00A6E3C2 /* CurrentResponseState.swift */,
			);
			path = Utility;
			sourceTree = "<group>";
		};
		0026F50929C3120E00A6E3C2 /* EndPoint */ = {
			isa = PBXGroup;
			children = (
				0026F50A29C3125900A6E3C2 /* EndPoint.swift */,
			);
			path = EndPoint;
			sourceTree = "<group>";
		};
		0026F50C29C31F5800A6E3C2 /* Extensions */ = {
			isa = PBXGroup;
			children = (
				0026F52429C3965E00A6E3C2 /* Publisher + Extension.swift */,
				00EAB0D529C4E012001F54A6 /* UIImage + Extension.swift */,
			);
			path = Extensions;
			sourceTree = "<group>";
		};
		0026F50F29C342C900A6E3C2 /* RepositoriesSearchViewModel */ = {
			isa = PBXGroup;
			children = (
				0026F52229C384E400A6E3C2 /* RepositoriesSearchViewModel.swift */,
			);
			path = RepositoriesSearchViewModel;
			sourceTree = "<group>";
		};
		0026F51729C3647A00A6E3C2 /* RepositoriesService */ = {
			isa = PBXGroup;
			children = (
				0026F51829C3656400A6E3C2 /* RepositoriesService.swift */,
			);
			path = RepositoriesService;
			sourceTree = "<group>";
		};
		0026F51A29C37F3100A6E3C2 /* CommonView */ = {
			isa = PBXGroup;
			children = (
				0026F51B29C37F5500A6E3C2 /* MessageView.swift */,
				0026F51D29C37FA400A6E3C2 /* LoadingView.swift */,
			);
			path = CommonView;
			sourceTree = "<group>";
		};
		007517C429CA010900BF4AEA /* Resources */ = {
			isa = PBXGroup;
			children = (
				001FE93929C21AC8005714A2 /* Assets.xcassets */,
			);
			path = Resources;
			sourceTree = "<group>";
		};
		00EAB0C729C4A6B6001F54A6 /* ImageLoader */ = {
			isa = PBXGroup;
			children = (
				00EAB0C829C4A6D5001F54A6 /* ImageCache.swift */,
				00EAB0CB29C4A759001F54A6 /* ImageLoader.swift */,
			);
			path = ImageLoader;
			sourceTree = "<group>";
		};
		00EAB0CD29C4B554001F54A6 /* RepositoriesListView */ = {
			isa = PBXGroup;
			children = (
				00EAB0CE29C4B579001F54A6 /* RepositoriesListView.swift */,
			);
			path = RepositoriesListView;
			sourceTree = "<group>";
		};
		00EAB0D029C4B633001F54A6 /* RepositoriesListViewModel */ = {
			isa = PBXGroup;
			children = (
				00EAB0D129C4B657001F54A6 /* RepositoriesListViewModel.swift */,
			);
			path = RepositoriesListViewModel;
			sourceTree = "<group>";
		};
		00EAB0D729C4E70F001F54A6 /* DetailView */ = {
			isa = PBXGroup;
			children = (
				00EAB0D829C4E749001F54A6 /* DetailView.swift */,
			);
			path = DetailView;
			sourceTree = "<group>";
		};
		00F68D5429C60D4E000DA063 /* ApiCache */ = {
			isa = PBXGroup;
			children = (
				00F68D5229C60AE9000DA063 /* ApiCache.swift */,
			);
			path = ApiCache;
			sourceTree = "<group>";
		};
		00F68D5529C62C15000DA063 /* App */ = {
			isa = PBXGroup;
			children = (
				001FE93529C21AC6005714A2 /* GitHub_RepositorySearchApp.swift */,
			);
			path = App;
			sourceTree = "<group>";
		};
/* End PBXGroup section */

/* Begin PBXNativeTarget section */
		001FE93129C21AC6005714A2 /* GitHub-RepositorySearch */ = {
			isa = PBXNativeTarget;
			buildConfigurationList = 001FE95629C21AC9005714A2 /* Build configuration list for PBXNativeTarget "GitHub-RepositorySearch" */;
			buildPhases = (
				001FE92E29C21AC6005714A2 /* Sources */,
				001FE92F29C21AC6005714A2 /* Frameworks */,
				001FE93029C21AC6005714A2 /* Resources */,
			);
			buildRules = (
			);
			dependencies = (
			);
			name = "GitHub-RepositorySearch";
			productName = "GitHub-RepositorySearch";
			productReference = 001FE93229C21AC6005714A2 /* GitHub-RepositorySearch.app */;
			productType = "com.apple.product-type.application";
		};
		001FE94129C21AC9005714A2 /* GitHub-RepositorySearchTests */ = {
			isa = PBXNativeTarget;
			buildConfigurationList = 001FE95929C21AC9005714A2 /* Build configuration list for PBXNativeTarget "GitHub-RepositorySearchTests" */;
			buildPhases = (
				001FE93E29C21AC9005714A2 /* Sources */,
				001FE93F29C21AC9005714A2 /* Frameworks */,
				001FE94029C21AC9005714A2 /* Resources */,
			);
			buildRules = (
			);
			dependencies = (
				001FE94429C21AC9005714A2 /* PBXTargetDependency */,
			);
			name = "GitHub-RepositorySearchTests";
			productName = "GitHub-RepositorySearchTests";
			productReference = 001FE94229C21AC9005714A2 /* GitHub-RepositorySearchTests.xctest */;
			productType = "com.apple.product-type.bundle.unit-test";
		};
		001FE94B29C21AC9005714A2 /* GitHub-RepositorySearchUITests */ = {
			isa = PBXNativeTarget;
			buildConfigurationList = 001FE95C29C21AC9005714A2 /* Build configuration list for PBXNativeTarget "GitHub-RepositorySearchUITests" */;
			buildPhases = (
				001FE94829C21AC9005714A2 /* Sources */,
				001FE94929C21AC9005714A2 /* Frameworks */,
				001FE94A29C21AC9005714A2 /* Resources */,
			);
			buildRules = (
			);
			dependencies = (
				001FE94E29C21AC9005714A2 /* PBXTargetDependency */,
			);
			name = "GitHub-RepositorySearchUITests";
			productName = "GitHub-RepositorySearchUITests";
			productReference = 001FE94C29C21AC9005714A2 /* GitHub-RepositorySearchUITests.xctest */;
			productType = "com.apple.product-type.bundle.ui-testing";
		};
/* End PBXNativeTarget section */

/* Begin PBXProject section */
		001FE92A29C21AC6005714A2 /* Project object */ = {
			isa = PBXProject;
			attributes = {
				BuildIndependentTargetsInParallel = 1;
				LastSwiftUpdateCheck = 1320;
				LastUpgradeCheck = 1320;
				TargetAttributes = {
					001FE93129C21AC6005714A2 = {
						CreatedOnToolsVersion = 13.2.1;
					};
					001FE94129C21AC9005714A2 = {
						CreatedOnToolsVersion = 13.2.1;
						TestTargetID = 001FE93129C21AC6005714A2;
					};
					001FE94B29C21AC9005714A2 = {
						CreatedOnToolsVersion = 13.2.1;
						TestTargetID = 001FE93129C21AC6005714A2;
					};
				};
			};
			buildConfigurationList = 001FE92D29C21AC6005714A2 /* Build configuration list for PBXProject "GitHub-RepositorySearch" */;
			compatibilityVersion = "Xcode 13.0";
			developmentRegion = en;
			hasScannedForEncodings = 0;
			knownRegions = (
				en,
				Base,
			);
			mainGroup = 001FE92929C21AC6005714A2;
			productRefGroup = 001FE93329C21AC6005714A2 /* Products */;
			projectDirPath = "";
			projectRoot = "";
			targets = (
				001FE93129C21AC6005714A2 /* GitHub-RepositorySearch */,
				001FE94129C21AC9005714A2 /* GitHub-RepositorySearchTests */,
				001FE94B29C21AC9005714A2 /* GitHub-RepositorySearchUITests */,
			);
		};
/* End PBXProject section */

/* Begin PBXResourcesBuildPhase section */
		001FE93029C21AC6005714A2 /* Resources */ = {
			isa = PBXResourcesBuildPhase;
			buildActionMask = 2147483647;
			files = (
				001FE93D29C21AC8005714A2 /* Preview Assets.xcassets in Resources */,
				001FE93A29C21AC8005714A2 /* Assets.xcassets in Resources */,
			);
			runOnlyForDeploymentPostprocessing = 0;
		};
		001FE94029C21AC9005714A2 /* Resources */ = {
			isa = PBXResourcesBuildPhase;
			buildActionMask = 2147483647;
			files = (
			);
			runOnlyForDeploymentPostprocessing = 0;
		};
		001FE94A29C21AC9005714A2 /* Resources */ = {
			isa = PBXResourcesBuildPhase;
			buildActionMask = 2147483647;
			files = (
			);
			runOnlyForDeploymentPostprocessing = 0;
		};
/* End PBXResourcesBuildPhase section */

/* Begin PBXSourcesBuildPhase section */
		001FE92E29C21AC6005714A2 /* Sources */ = {
			isa = PBXSourcesBuildPhase;
			buildActionMask = 2147483647;
			files = (
				0026F52129C3804600A6E3C2 /* RepositoriesSearchView.swift in Sources */,
				00EAB0D929C4E749001F54A6 /* DetailView.swift in Sources */,
				0026F51129C343E300A6E3C2 /* NetworkService.swift in Sources */,
				00EAB0CC29C4A759001F54A6 /* ImageLoader.swift in Sources */,
				00F68D5329C60AE9000DA063 /* ApiCache.swift in Sources */,
				0026F52329C384E400A6E3C2 /* RepositoriesSearchViewModel.swift in Sources */,
				0026F51629C35F0C00A6E3C2 /* NetworkMonitor.swift in Sources */,
				001FE96B29C23978005714A2 /* SearchRepositoriesOwner.swift in Sources */,
				001FE97029C2596F005714A2 /* NetworkRequestError.swift in Sources */,
				0026F50B29C3125900A6E3C2 /* EndPoint.swift in Sources */,
				0026F51429C35EFA00A6E3C2 /* NetworkManager.swift in Sources */,
				0026F52529C3965E00A6E3C2 /* Publisher + Extension.swift in Sources */,
				00EAB0C929C4A6D5001F54A6 /* ImageCache.swift in Sources */,
				0026F50E29C3423C00A6E3C2 /* CurrentResponseState.swift in Sources */,
				001FE96929C237FC005714A2 /* SearchRepositoriesItem.swift in Sources */,
				0026F51E29C37FA400A6E3C2 /* LoadingView.swift in Sources */,
				001FE96E29C2586E005714A2 /* HTTPMethod.swift in Sources */,
				00EAB0D629C4E012001F54A6 /* UIImage + Extension.swift in Sources */,
				001FE96729C2367C005714A2 /* SearchRepositoriesResponse.swift in Sources */,
				00EAB0D229C4B657001F54A6 /* RepositoriesListViewModel.swift in Sources */,
				0026F51929C3656400A6E3C2 /* RepositoriesService.swift in Sources */,
				0026F51C29C37F5500A6E3C2 /* MessageView.swift in Sources */,
				00EAB0CF29C4B579001F54A6 /* RepositoriesListView.swift in Sources */,
				001FE93629C21AC6005714A2 /* GitHub_RepositorySearchApp.swift in Sources */,
			);
			runOnlyForDeploymentPostprocessing = 0;
		};
		001FE93E29C21AC9005714A2 /* Sources */ = {
			isa = PBXSourcesBuildPhase;
			buildActionMask = 2147483647;
			files = (
				001FE94729C21AC9005714A2 /* GitHub_RepositorySearchTests.swift in Sources */,
			);
			runOnlyForDeploymentPostprocessing = 0;
		};
		001FE94829C21AC9005714A2 /* Sources */ = {
			isa = PBXSourcesBuildPhase;
			buildActionMask = 2147483647;
			files = (
				001FE95129C21AC9005714A2 /* GitHub_RepositorySearchUITests.swift in Sources */,
				001FE95329C21AC9005714A2 /* GitHub_RepositorySearchUITestsLaunchTests.swift in Sources */,
			);
			runOnlyForDeploymentPostprocessing = 0;
		};
/* End PBXSourcesBuildPhase section */

/* Begin PBXTargetDependency section */
		001FE94429C21AC9005714A2 /* PBXTargetDependency */ = {
			isa = PBXTargetDependency;
			target = 001FE93129C21AC6005714A2 /* GitHub-RepositorySearch */;
			targetProxy = 001FE94329C21AC9005714A2 /* PBXContainerItemProxy */;
		};
		001FE94E29C21AC9005714A2 /* PBXTargetDependency */ = {
			isa = PBXTargetDependency;
			target = 001FE93129C21AC6005714A2 /* GitHub-RepositorySearch */;
			targetProxy = 001FE94D29C21AC9005714A2 /* PBXContainerItemProxy */;
		};
/* End PBXTargetDependency section */

/* Begin XCBuildConfiguration section */
		001FE95429C21AC9005714A2 /* Debug */ = {
			isa = XCBuildConfiguration;
			buildSettings = {
				ALWAYS_SEARCH_USER_PATHS = NO;
				CLANG_ANALYZER_NONNULL = YES;
				CLANG_ANALYZER_NUMBER_OBJECT_CONVERSION = YES_AGGRESSIVE;
				CLANG_CXX_LANGUAGE_STANDARD = "gnu++17";
				CLANG_CXX_LIBRARY = "libc++";
				CLANG_ENABLE_MODULES = YES;
				CLANG_ENABLE_OBJC_ARC = YES;
				CLANG_ENABLE_OBJC_WEAK = YES;
				CLANG_WARN_BLOCK_CAPTURE_AUTORELEASING = YES;
				CLANG_WARN_BOOL_CONVERSION = YES;
				CLANG_WARN_COMMA = YES;
				CLANG_WARN_CONSTANT_CONVERSION = YES;
				CLANG_WARN_DEPRECATED_OBJC_IMPLEMENTATIONS = YES;
				CLANG_WARN_DIRECT_OBJC_ISA_USAGE = YES_ERROR;
				CLANG_WARN_DOCUMENTATION_COMMENTS = YES;
				CLANG_WARN_EMPTY_BODY = YES;
				CLANG_WARN_ENUM_CONVERSION = YES;
				CLANG_WARN_INFINITE_RECURSION = YES;
				CLANG_WARN_INT_CONVERSION = YES;
				CLANG_WARN_NON_LITERAL_NULL_CONVERSION = YES;
				CLANG_WARN_OBJC_IMPLICIT_RETAIN_SELF = YES;
				CLANG_WARN_OBJC_LITERAL_CONVERSION = YES;
				CLANG_WARN_OBJC_ROOT_CLASS = YES_ERROR;
				CLANG_WARN_QUOTED_INCLUDE_IN_FRAMEWORK_HEADER = YES;
				CLANG_WARN_RANGE_LOOP_ANALYSIS = YES;
				CLANG_WARN_STRICT_PROTOTYPES = YES;
				CLANG_WARN_SUSPICIOUS_MOVE = YES;
				CLANG_WARN_UNGUARDED_AVAILABILITY = YES_AGGRESSIVE;
				CLANG_WARN_UNREACHABLE_CODE = YES;
				CLANG_WARN__DUPLICATE_METHOD_MATCH = YES;
				COPY_PHASE_STRIP = NO;
				DEBUG_INFORMATION_FORMAT = dwarf;
				ENABLE_STRICT_OBJC_MSGSEND = YES;
				ENABLE_TESTABILITY = YES;
				GCC_C_LANGUAGE_STANDARD = gnu11;
				GCC_DYNAMIC_NO_PIC = NO;
				GCC_NO_COMMON_BLOCKS = YES;
				GCC_OPTIMIZATION_LEVEL = 0;
				GCC_PREPROCESSOR_DEFINITIONS = (
					"DEBUG=1",
					"$(inherited)",
				);
				GCC_WARN_64_TO_32_BIT_CONVERSION = YES;
				GCC_WARN_ABOUT_RETURN_TYPE = YES_ERROR;
				GCC_WARN_UNDECLARED_SELECTOR = YES;
				GCC_WARN_UNINITIALIZED_AUTOS = YES_AGGRESSIVE;
				GCC_WARN_UNUSED_FUNCTION = YES;
				GCC_WARN_UNUSED_VARIABLE = YES;
				IPHONEOS_DEPLOYMENT_TARGET = 15.2;
				MTL_ENABLE_DEBUG_INFO = INCLUDE_SOURCE;
				MTL_FAST_MATH = YES;
				ONLY_ACTIVE_ARCH = YES;
				SDKROOT = iphoneos;
				SWIFT_ACTIVE_COMPILATION_CONDITIONS = DEBUG;
				SWIFT_OPTIMIZATION_LEVEL = "-Onone";
			};
			name = Debug;
		};
		001FE95529C21AC9005714A2 /* Release */ = {
			isa = XCBuildConfiguration;
			buildSettings = {
				ALWAYS_SEARCH_USER_PATHS = NO;
				CLANG_ANALYZER_NONNULL = YES;
				CLANG_ANALYZER_NUMBER_OBJECT_CONVERSION = YES_AGGRESSIVE;
				CLANG_CXX_LANGUAGE_STANDARD = "gnu++17";
				CLANG_CXX_LIBRARY = "libc++";
				CLANG_ENABLE_MODULES = YES;
				CLANG_ENABLE_OBJC_ARC = YES;
				CLANG_ENABLE_OBJC_WEAK = YES;
				CLANG_WARN_BLOCK_CAPTURE_AUTORELEASING = YES;
				CLANG_WARN_BOOL_CONVERSION = YES;
				CLANG_WARN_COMMA = YES;
				CLANG_WARN_CONSTANT_CONVERSION = YES;
				CLANG_WARN_DEPRECATED_OBJC_IMPLEMENTATIONS = YES;
				CLANG_WARN_DIRECT_OBJC_ISA_USAGE = YES_ERROR;
				CLANG_WARN_DOCUMENTATION_COMMENTS = YES;
				CLANG_WARN_EMPTY_BODY = YES;
				CLANG_WARN_ENUM_CONVERSION = YES;
				CLANG_WARN_INFINITE_RECURSION = YES;
				CLANG_WARN_INT_CONVERSION = YES;
				CLANG_WARN_NON_LITERAL_NULL_CONVERSION = YES;
				CLANG_WARN_OBJC_IMPLICIT_RETAIN_SELF = YES;
				CLANG_WARN_OBJC_LITERAL_CONVERSION = YES;
				CLANG_WARN_OBJC_ROOT_CLASS = YES_ERROR;
				CLANG_WARN_QUOTED_INCLUDE_IN_FRAMEWORK_HEADER = YES;
				CLANG_WARN_RANGE_LOOP_ANALYSIS = YES;
				CLANG_WARN_STRICT_PROTOTYPES = YES;
				CLANG_WARN_SUSPICIOUS_MOVE = YES;
				CLANG_WARN_UNGUARDED_AVAILABILITY = YES_AGGRESSIVE;
				CLANG_WARN_UNREACHABLE_CODE = YES;
				CLANG_WARN__DUPLICATE_METHOD_MATCH = YES;
				COPY_PHASE_STRIP = NO;
				DEBUG_INFORMATION_FORMAT = "dwarf-with-dsym";
				ENABLE_NS_ASSERTIONS = NO;
				ENABLE_STRICT_OBJC_MSGSEND = YES;
				GCC_C_LANGUAGE_STANDARD = gnu11;
				GCC_NO_COMMON_BLOCKS = YES;
				GCC_WARN_64_TO_32_BIT_CONVERSION = YES;
				GCC_WARN_ABOUT_RETURN_TYPE = YES_ERROR;
				GCC_WARN_UNDECLARED_SELECTOR = YES;
				GCC_WARN_UNINITIALIZED_AUTOS = YES_AGGRESSIVE;
				GCC_WARN_UNUSED_FUNCTION = YES;
				GCC_WARN_UNUSED_VARIABLE = YES;
				IPHONEOS_DEPLOYMENT_TARGET = 15.2;
				MTL_ENABLE_DEBUG_INFO = NO;
				MTL_FAST_MATH = YES;
				SDKROOT = iphoneos;
				SWIFT_COMPILATION_MODE = wholemodule;
				SWIFT_OPTIMIZATION_LEVEL = "-O";
				VALIDATE_PRODUCT = YES;
			};
			name = Release;
		};
		001FE95729C21AC9005714A2 /* Debug */ = {
			isa = XCBuildConfiguration;
			buildSettings = {
				ASSETCATALOG_COMPILER_APPICON_NAME = AppIcon;
				ASSETCATALOG_COMPILER_GLOBAL_ACCENT_COLOR_NAME = AccentColor;
				CODE_SIGN_STYLE = Automatic;
				CURRENT_PROJECT_VERSION = 1;
				DEVELOPMENT_ASSET_PATHS = "\"GitHub-RepositorySearch/Preview Content\"";
				DEVELOPMENT_TEAM = GDHMVG3F84;
				ENABLE_PREVIEWS = YES;
				GENERATE_INFOPLIST_FILE = YES;
				INFOPLIST_KEY_UIApplicationSceneManifest_Generation = YES;
				INFOPLIST_KEY_UIApplicationSupportsIndirectInputEvents = YES;
				INFOPLIST_KEY_UILaunchScreen_Generation = YES;
				INFOPLIST_KEY_UISupportedInterfaceOrientations_iPad = "UIInterfaceOrientationPortrait UIInterfaceOrientationPortraitUpsideDown UIInterfaceOrientationLandscapeLeft UIInterfaceOrientationLandscapeRight";
				INFOPLIST_KEY_UISupportedInterfaceOrientations_iPhone = "UIInterfaceOrientationPortrait UIInterfaceOrientationLandscapeLeft UIInterfaceOrientationLandscapeRight";
				LD_RUNPATH_SEARCH_PATHS = (
					"$(inherited)",
					"@executable_path/Frameworks",
				);
				MARKETING_VERSION = 1.0;
				PRODUCT_BUNDLE_IDENTIFIER = "com.nazmulhoda.GitHub-RepositorySearch";
				PRODUCT_NAME = "$(TARGET_NAME)";
				SWIFT_EMIT_LOC_STRINGS = YES;
				SWIFT_VERSION = 5.0;
				TARGETED_DEVICE_FAMILY = "1,2";
			};
			name = Debug;
		};
		001FE95829C21AC9005714A2 /* Release */ = {
			isa = XCBuildConfiguration;
			buildSettings = {
				ASSETCATALOG_COMPILER_APPICON_NAME = AppIcon;
				ASSETCATALOG_COMPILER_GLOBAL_ACCENT_COLOR_NAME = AccentColor;
				CODE_SIGN_STYLE = Automatic;
				CURRENT_PROJECT_VERSION = 1;
				DEVELOPMENT_ASSET_PATHS = "\"GitHub-RepositorySearch/Preview Content\"";
				DEVELOPMENT_TEAM = GDHMVG3F84;
				ENABLE_PREVIEWS = YES;
				GENERATE_INFOPLIST_FILE = YES;
				INFOPLIST_KEY_UIApplicationSceneManifest_Generation = YES;
				INFOPLIST_KEY_UIApplicationSupportsIndirectInputEvents = YES;
				INFOPLIST_KEY_UILaunchScreen_Generation = YES;
				INFOPLIST_KEY_UISupportedInterfaceOrientations_iPad = "UIInterfaceOrientationPortrait UIInterfaceOrientationPortraitUpsideDown UIInterfaceOrientationLandscapeLeft UIInterfaceOrientationLandscapeRight";
				INFOPLIST_KEY_UISupportedInterfaceOrientations_iPhone = "UIInterfaceOrientationPortrait UIInterfaceOrientationLandscapeLeft UIInterfaceOrientationLandscapeRight";
				LD_RUNPATH_SEARCH_PATHS = (
					"$(inherited)",
					"@executable_path/Frameworks",
				);
				MARKETING_VERSION = 1.0;
				PRODUCT_BUNDLE_IDENTIFIER = "com.nazmulhoda.GitHub-RepositorySearch";
				PRODUCT_NAME = "$(TARGET_NAME)";
				SWIFT_EMIT_LOC_STRINGS = YES;
				SWIFT_VERSION = 5.0;
				TARGETED_DEVICE_FAMILY = "1,2";
			};
			name = Release;
		};
		001FE95A29C21AC9005714A2 /* Debug */ = {
			isa = XCBuildConfiguration;
			buildSettings = {
				ALWAYS_EMBED_SWIFT_STANDARD_LIBRARIES = YES;
				BUNDLE_LOADER = "$(TEST_HOST)";
				CODE_SIGN_STYLE = Automatic;
				CURRENT_PROJECT_VERSION = 1;
				DEVELOPMENT_TEAM = Y3VRYY266M;
				GENERATE_INFOPLIST_FILE = YES;
				IPHONEOS_DEPLOYMENT_TARGET = 15.2;
				MARKETING_VERSION = 1.0;
				PRODUCT_BUNDLE_IDENTIFIER = "com.nazmulhoda.GitHub-RepositorySearchTests";
				PRODUCT_NAME = "$(TARGET_NAME)";
				SWIFT_EMIT_LOC_STRINGS = NO;
				SWIFT_VERSION = 5.0;
				TARGETED_DEVICE_FAMILY = "1,2";
				TEST_HOST = "$(BUILT_PRODUCTS_DIR)/GitHub-RepositorySearch.app/GitHub-RepositorySearch";
			};
			name = Debug;
		};
		001FE95B29C21AC9005714A2 /* Release */ = {
			isa = XCBuildConfiguration;
			buildSettings = {
				ALWAYS_EMBED_SWIFT_STANDARD_LIBRARIES = YES;
				BUNDLE_LOADER = "$(TEST_HOST)";
				CODE_SIGN_STYLE = Automatic;
				CURRENT_PROJECT_VERSION = 1;
				DEVELOPMENT_TEAM = Y3VRYY266M;
				GENERATE_INFOPLIST_FILE = YES;
				IPHONEOS_DEPLOYMENT_TARGET = 15.2;
				MARKETING_VERSION = 1.0;
				PRODUCT_BUNDLE_IDENTIFIER = "com.nazmulhoda.GitHub-RepositorySearchTests";
				PRODUCT_NAME = "$(TARGET_NAME)";
				SWIFT_EMIT_LOC_STRINGS = NO;
				SWIFT_VERSION = 5.0;
				TARGETED_DEVICE_FAMILY = "1,2";
				TEST_HOST = "$(BUILT_PRODUCTS_DIR)/GitHub-RepositorySearch.app/GitHub-RepositorySearch";
			};
			name = Release;
		};
		001FE95D29C21AC9005714A2 /* Debug */ = {
			isa = XCBuildConfiguration;
			buildSettings = {
				ALWAYS_EMBED_SWIFT_STANDARD_LIBRARIES = YES;
				CODE_SIGN_STYLE = Automatic;
				CURRENT_PROJECT_VERSION = 1;
				DEVELOPMENT_TEAM = Y3VRYY266M;
				GENERATE_INFOPLIST_FILE = YES;
				MARKETING_VERSION = 1.0;
				PRODUCT_BUNDLE_IDENTIFIER = "com.nazmulhoda.GitHub-RepositorySearchUITests";
				PRODUCT_NAME = "$(TARGET_NAME)";
				SWIFT_EMIT_LOC_STRINGS = NO;
				SWIFT_VERSION = 5.0;
				TARGETED_DEVICE_FAMILY = "1,2";
				TEST_TARGET_NAME = "GitHub-RepositorySearch";
			};
			name = Debug;
		};
		001FE95E29C21AC9005714A2 /* Release */ = {
			isa = XCBuildConfiguration;
			buildSettings = {
				ALWAYS_EMBED_SWIFT_STANDARD_LIBRARIES = YES;
				CODE_SIGN_STYLE = Automatic;
				CURRENT_PROJECT_VERSION = 1;
				DEVELOPMENT_TEAM = Y3VRYY266M;
				GENERATE_INFOPLIST_FILE = YES;
				MARKETING_VERSION = 1.0;
				PRODUCT_BUNDLE_IDENTIFIER = "com.nazmulhoda.GitHub-RepositorySearchUITests";
				PRODUCT_NAME = "$(TARGET_NAME)";
				SWIFT_EMIT_LOC_STRINGS = NO;
				SWIFT_VERSION = 5.0;
				TARGETED_DEVICE_FAMILY = "1,2";
				TEST_TARGET_NAME = "GitHub-RepositorySearch";
			};
			name = Release;
		};
/* End XCBuildConfiguration section */

/* Begin XCConfigurationList section */
		001FE92D29C21AC6005714A2 /* Build configuration list for PBXProject "GitHub-RepositorySearch" */ = {
			isa = XCConfigurationList;
			buildConfigurations = (
				001FE95429C21AC9005714A2 /* Debug */,
				001FE95529C21AC9005714A2 /* Release */,
			);
			defaultConfigurationIsVisible = 0;
			defaultConfigurationName = Release;
		};
		001FE95629C21AC9005714A2 /* Build configuration list for PBXNativeTarget "GitHub-RepositorySearch" */ = {
			isa = XCConfigurationList;
			buildConfigurations = (
				001FE95729C21AC9005714A2 /* Debug */,
				001FE95829C21AC9005714A2 /* Release */,
			);
			defaultConfigurationIsVisible = 0;
			defaultConfigurationName = Release;
		};
		001FE95929C21AC9005714A2 /* Build configuration list for PBXNativeTarget "GitHub-RepositorySearchTests" */ = {
			isa = XCConfigurationList;
			buildConfigurations = (
				001FE95A29C21AC9005714A2 /* Debug */,
				001FE95B29C21AC9005714A2 /* Release */,
			);
			defaultConfigurationIsVisible = 0;
			defaultConfigurationName = Release;
		};
		001FE95C29C21AC9005714A2 /* Build configuration list for PBXNativeTarget "GitHub-RepositorySearchUITests" */ = {
			isa = XCConfigurationList;
			buildConfigurations = (
				001FE95D29C21AC9005714A2 /* Debug */,
				001FE95E29C21AC9005714A2 /* Release */,
			);
			defaultConfigurationIsVisible = 0;
			defaultConfigurationName = Release;
		};
/* End XCConfigurationList section */
	};
	rootObject = 001FE92A29C21AC6005714A2 /* Project object */;
}
